<?xml version="1.0" encoding="utf-8"?>
<Project ToolsVersion="4.0" xmlns="http://schemas.microsoft.com/developer/msbuild/2003">
  <ItemGroup>
    <Filter Include="Source Files">
      <UniqueIdentifier>{4FC737F1-C7A5-4376-A066-2A32D752A2FF}</UniqueIdentifier>
      <Extensions>cpp;c;cc;cxx;def;odl;idl;hpj;bat;asm;asmx</Extensions>
    </Filter>
    <Filter Include="Header Files">
      <UniqueIdentifier>{93995380-89BD-4b04-88EB-625FBE52EBFB}</UniqueIdentifier>
      <Extensions>h;hpp;hxx;hm;inl;inc;xsd</Extensions>
    </Filter>
  </ItemGroup>
  <ItemGroup>
    <ClInclude Include="addrinfo.h">
      <Filter>Header Files</Filter>
    </ClInclude>
    <ClInclude Include="addrsize.h">
      <Filter>Header Files</Filter>
    </ClInclude>
    <ClInclude Include="asarray.h">
      <Filter>Header Files</Filter>
    </ClInclude>
    <ClInclude Include="base64.h">
      <Filter>Header Files</Filter>
    </ClInclude>
    <ClInclude Include="bittypes.h">
      <Filter>Header Files</Filter>
    </ClInclude>
    <ClInclude Include="btree.h">
      <Filter>Header Files</Filter>
    </ClInclude>
    <ClInclude Include="cdecl_ext.h">
      <Filter>Header Files</Filter>
    </ClInclude>
    <ClInclude Include="config_win32.h">
      <Filter>Header Files</Filter>
    </ClInclude>
    <ClInclude Include="crypt_random.h">
      <Filter>Header Files</Filter>
    </ClInclude>
    <ClInclude Include="debug.h">
      <Filter>Header Files</Filter>
    </ClInclude>
    <ClInclude Include="drand48.h">
      <Filter>Header Files</Filter>
    </ClInclude>
    <ClInclude Include="gettimeofday.h">
      <Filter>Header Files</Filter>
    </ClInclude>
    <ClInclude Include="hmac.h">
      <Filter>Header Files</Filter>
    </ClInclude>
    <ClInclude Include="inet_ntop.h">
      <Filter>Header Files</Filter>
    </ClInclude>
    <ClInclude Include="inet_pton.h">
      <Filter>Header Files</Filter>
    </ClInclude>
    <ClInclude Include="mbus.h">
      <Filter>Header Files</Filter>
    </ClInclude>
    <ClInclude Include="mbus_addr.h">
      <Filter>Header Files</Filter>
    </ClInclude>
    <ClInclude Include="mbus_config.h">
      <Filter>Header Files</Filter>
    </ClInclude>
    <ClInclude Include="mbus_parser.h">
      <Filter>Header Files</Filter>
    </ClInclude>
    <ClInclude Include="md5.h">
      <Filter>Header Files</Filter>
    </ClInclude>
    <ClInclude Include="memory.h">
      <Filter>Header Files</Filter>
    </ClInclude>
    <ClInclude Include="net_udp.h">
      <Filter>Header Files</Filter>
    </ClInclude>
    <ClInclude Include="ntp.h">
      <Filter>Header Files</Filter>
    </ClInclude>
    <ClInclude Include="qfDES.h">
      <Filter>Header Files</Filter>
    </ClInclude>
    <ClInclude Include="rijndael-alg-fst.h">
      <Filter>Header Files</Filter>
    </ClInclude>
    <ClInclude Include="rijndael-api-fst.h">
      <Filter>Header Files</Filter>
    </ClInclude>
    <ClInclude Include="rtp.h">
      <Filter>Header Files</Filter>
    </ClInclude>
    <ClInclude Include="sap.h">
      <Filter>Header Files</Filter>
    </ClInclude>
    <ClInclude Include="sdp.h">
      <Filter>Header Files</Filter>
    </ClInclude>
    <ClInclude Include="sockstorage.h">
      <Filter>Header Files</Filter>
    </ClInclude>
    <ClInclude Include="util.h">
      <Filter>Header Files</Filter>
    </ClInclude>
    <ClInclude Include="config_unix.h">
      <Filter>Header Files</Filter>
    </ClInclude>
  </ItemGroup>
  <ItemGroup>
    <ClCompile Include="asarray.c">
      <Filter>Source Files</Filter>
    </ClCompile>
    <ClCompile Include="base64.c">
      <Filter>Source Files</Filter>
    </ClCompile>
    <ClCompile Include="btree.c">
      <Filter>Source Files</Filter>
    </ClCompile>
    <ClCompile Include="crypt_random.c">
      <Filter>Source Files</Filter>
    </ClCompile>
    <ClCompile Include="debug.c">
      <Filter>Source Files</Filter>
    </ClCompile>
    <ClCompile Include="drand48.c">
      <Filter>Source Files</Filter>
    </ClCompile>
    <ClCompile Include="getaddrinfo.c">
      <Filter>Source Files</Filter>
    </ClCompile>
    <ClCompile Include="gettimeofday.c">
      <Filter>Source Files</Filter>
    </ClCompile>
    <ClCompile Include="hmac.c">
      <Filter>Source Files</Filter>
    </ClCompile>
    <ClCompile Include="inet_ntop.c">
      <Filter>Source Files</Filter>
    </ClCompile>
    <ClCompile Include="inet_pton.c">
      <Filter>Source Files</Filter>
    </ClCompile>
    <ClCompile Include="mbus.c">
      <Filter>Source Files</Filter>
    </ClCompile>
    <ClCompile Include="mbus_addr.c">
      <Filter>Source Files</Filter>
    </ClCompile>
    <ClCompile Include="mbus_config.c">
      <Filter>Source Files</Filter>
    </ClCompile>
    <ClCompile Include="mbus_parser.c">
      <Filter>Source Files</Filter>
    </ClCompile>
    <ClCompile Include="md5.c">
      <Filter>Source Files</Filter>
    </ClCompile>
    <ClCompile Include="memory.c">
      <Filter>Source Files</Filter>
    </ClCompile>
    <ClCompile Include="net_udp.c">
      <Filter>Source Files</Filter>
    </ClCompile>
    <ClCompile Include="ntp.c">
      <Filter>Source Files</Filter>
    </ClCompile>
    <ClCompile Include="qfDES.c">
      <Filter>Source Files</Filter>
    </ClCompile>
    <ClCompile Include="rijndael-alg-fst.c">
      <Filter>Source Files</Filter>
    </ClCompile>
    <ClCompile Include="rijndael-api-fst.c">
      <Filter>Source Files</Filter>
    </ClCompile>
    <ClCompile Include="rtp.c">
      <Filter>Source Files</Filter>
    </ClCompile>
    <ClCompile Include="sap.c">
      <Filter>Source Files</Filter>
    </ClCompile>
    <ClCompile Include="sdp.c">
      <Filter>Source Files</Filter>
    </ClCompile>
    <ClCompile Include="util.c">
      <Filter>Source Files</Filter>
    </ClCompile>
  </ItemGroup>
  <ItemGroup>
    <None Include="..\README" />
    <None Include="..\VERSION" />
  </ItemGroup>
</Project>